{
  "name": "editable-3d-text-widget",
  "lockfileVersion": 3,
  "requires": true,
  "packages": {
    "": {
      "name": "editable-3d-text-widget",
      "dependencies": {
        "nouislider": "^15.7.1"
      }
    },
    "node_modules/nouislider": {
      "version": "15.8.1",
      "resolved": "https://registry.npmjs.org/nouislider/-/nouislider-15.8.1.tgz",
      "integrity": "sha512-93TweAi8kqntHJSPiSWQ1o/uZ29VWOmal9YKb6KKGGlCkugaNfAupT7o1qTHqdJvNQ7S0su5rO6qRFCjP8fxtw==",
      "license": "MIT"
    }
  }
}
